
Microsoft Visual Studio Solution File, Format Version 12.00
# Visual Studio 15
Project("{FAE04EC0-301F-11D3-BF4B-00C04F79EFBC}") = "Assembly-CSharp-Editor", "Assembly-CSharp-Editor.csproj", "{9B70D512-AB3C-A644-3F84-153283F92FB0}"
EndProject
Project("{FAE04EC0-301F-11D3-BF4B-00C04F79EFBC}") = "Assembly-CSharp", "Assembly-CSharp.csproj", "{566266DA-D555-4D52-2A87-D83F73BF0624}"
EndProject
Global
	GlobalSection(SolutionConfigurationPlatforms) = preSolution
		Debug|Any CPU = Debug|Any CPU
		Release|Any CPU = Release|Any CPU
	EndGlobalSection
	GlobalSection(ProjectConfigurationPlatforms) = postSolution
		{9B70D512-AB3C-A644-3F84-153283F92FB0}.Debug|Any CPU.ActiveCfg = Debug|Any CPU
		{9B70D512-AB3C-A644-3F84-153283F92FB0}.Debug|Any CPU.Build.0 = Debug|Any CPU
		{9B70D512-AB3C-A644-3F84-153283F92FB0}.Release|Any CPU.ActiveCfg = Release|Any CPU
		{9B70D512-AB3C-A644-3F84-153283F92FB0}.Release|Any CPU.Build.0 = Release|Any CPU
		{566266DA-D555-4D52-2A87-D83F73BF0624}.Debug|Any CPU.ActiveCfg = Debug|Any CPU
		{566266DA-D555-4D52-2A87-D83F73BF0624}.Debug|Any CPU.Build.0 = Debug|Any CPU
		{566266DA-D555-4D52-2A87-D83F73BF0624}.Release|Any CPU.ActiveCfg = Release|Any CPU
		{566266DA-D555-4D52-2A87-D83F73BF0624}.Release|Any CPU.Build.0 = Release|Any CPU
	EndGlobalSection
	GlobalSection(SolutionProperties) = preSolution
		HideSolutionNode = FALSE
	EndGlobalSection
EndGlobal
